
Microsoft Visual Studio Solution File, Format Version 12.00
# Visual Studio Version 17
VisualStudioVersion = 17.7.34024.191
MinimumVisualStudioVersion = 10.0.40219.1
Project("{FAE04EC0-301F-11D3-BF4B-00C04F79EFBC}") = "lab03", "lab03.csproj", "{C823B19A-0E2D-4E5D-9EA5-FBBEA30098A3}"
EndProject
Global
	GlobalSection(SolutionConfigurationPlatforms) = preSolution
		Debug|Any CPU = Debug|Any CPU
		Release|Any CPU = Release|Any CPU
	EndGlobalSection
	GlobalSection(ProjectConfigurationPlatforms) = postSolution
		{C823B19A-0E2D-4E5D-9EA5-FBBEA30098A3}.Debug|Any CPU.ActiveCfg = Debug|Any CPU
		{C823B19A-0E2D-4E5D-9EA5-FBBEA30098A3}.Debug|Any CPU.Build.0 = Debug|Any CPU
		{C823B19A-0E2D-4E5D-9EA5-FBBEA30098A3}.Release|Any CPU.ActiveCfg = Release|Any CPU
		{C823B19A-0E2D-4E5D-9EA5-FBBEA30098A3}.Release|Any CPU.Build.0 = Release|Any CPU
	EndGlobalSection
	GlobalSection(SolutionProperties) = preSolution
		HideSolutionNode = FALSE
	EndGlobalSection
	GlobalSection(ExtensibilityGlobals) = postSolution
		SolutionGuid = {2DC00D57-7AF9-494F-83DE-0F0C4DDD7872}
	EndGlobalSection
EndGlobal
